// !$*UTF8*$!
{
	archiveVersion = 1;
	classes = {
	};
	objectVersion = 46;
	objects = {

/* Begin PBXBuildFile section */
		85010BD81572BCE3004E0579 /* InfoPlist.strings in Resources */ = {isa = PBXBuildFile; fileRef = 85010BC71572BCE3004E0579 /* InfoPlist.strings */; };
		85010BDA1572BCE3004E0579 /* WikiPlugin.m in Sources */ = {isa = PBXBuildFile; fileRef = 85010BCD1572BCE3004E0579 /* WikiPlugin.m */; };
		85010BDB1572BCE3004E0579 /* WikiPreviewWindow.xib in Resources */ = {isa = PBXBuildFile; fileRef = 85010BCE1572BCE3004E0579 /* WikiPreviewWindow.xib */; };
		85010BDC1572BCE3004E0579 /* WikiPreviewWindowController.m in Sources */ = {isa = PBXBuildFile; fileRef = 85010BD01572BCE3004E0579 /* WikiPreviewWindowController.m */; };
		85E65E83156DCD79009BFC0F /* Cocoa.framework in Frameworks */ = {isa = PBXBuildFile; fileRef = 85E65E82156DCD79009BFC0F /* Cocoa.framework */; };
		85E65E9E156DD1A9009BFC0F /* GistPlugin.m in Sources */ = {isa = PBXBuildFile; fileRef = 85E65E9D156DD1A9009BFC0F /* GistPlugin.m */; };
		85E65EA2156DD1C2009BFC0F /* AuthWindowController.m in Sources */ = {isa = PBXBuildFile; fileRef = 85E65EA0156DD1C2009BFC0F /* AuthWindowController.m */; };
		85E65EA3156DD1C2009BFC0F /* AuthWindowController.xib in Resources */ = {isa = PBXBuildFile; fileRef = 85E65EA1156DD1C2009BFC0F /* AuthWindowController.xib */; };
		85E65EA8156DD593009BFC0F /* WebKit.framework in Frameworks */ = {isa = PBXBuildFile; fileRef = 85E65EA7156DD593009BFC0F /* WebKit.framework */; };
		85E65F09156DDA49009BFC0F /* libGitHubKit-Mac.a in Frameworks */ = {isa = PBXBuildFile; fileRef = 85E65F04156DDA3F009BFC0F /* libGitHubKit-Mac.a */; };
/* End PBXBuildFile section */

/* Begin PBXContainerItemProxy section */
		85E65EBA156DD93D009BFC0F /* PBXContainerItemProxy */ = {
			isa = PBXContainerItemProxy;
			containerPortal = 85E65EB1156DD93D009BFC0F /* GitHubKit.xcodeproj */;
			proxyType = 2;
			remoteGlobalIDString = 85C4B2DB1535D0EF009DE449;
			remoteInfo = GitHubKit;
		};
		85E65EBC156DD93D009BFC0F /* PBXContainerItemProxy */ = {
			isa = PBXContainerItemProxy;
			containerPortal = 85E65EB1156DD93D009BFC0F /* GitHubKit.xcodeproj */;
			proxyType = 2;
			remoteGlobalIDString = 85C4B2EB1535D0F0009DE449;
			remoteInfo = GitHubKitTests;
		};
		85E65F03156DDA3F009BFC0F /* PBXContainerItemProxy */ = {
			isa = PBXContainerItemProxy;
			containerPortal = 85E65EB1156DD93D009BFC0F /* GitHubKit.xcodeproj */;
			proxyType = 2;
			remoteGlobalIDString = 85E65EC6156DD9AC009BFC0F;
			remoteInfo = "GitHubKit-Mac";
		};
		85E65F05156DDA3F009BFC0F /* PBXContainerItemProxy */ = {
			isa = PBXContainerItemProxy;
			containerPortal = 85E65EB1156DD93D009BFC0F /* GitHubKit.xcodeproj */;
			proxyType = 2;
			remoteGlobalIDString = 85E65ED8156DD9AD009BFC0F;
			remoteInfo = "GitHubKit-Mac-Tests";
		};
		85E65F07156DDA42009BFC0F /* PBXContainerItemProxy */ = {
			isa = PBXContainerItemProxy;
			containerPortal = 85E65EB1156DD93D009BFC0F /* GitHubKit.xcodeproj */;
			proxyType = 1;
			remoteGlobalIDString = 85E65EC5156DD9AC009BFC0F;
			remoteInfo = "GitHubKit-Mac";
		};
/* End PBXContainerItemProxy section */

/* Begin PBXFileReference section */
		85010BC11572BCE3004E0579 /* Bundle-Debug.xcconfig */ = {isa = PBXFileReference; fileEncoding = 4; lastKnownFileType = text.xcconfig; path = "Bundle-Debug.xcconfig"; sourceTree = "<group>"; };
		85010BC21572BCE3004E0579 /* Bundle-Release.xcconfig */ = {isa = PBXFileReference; fileEncoding = 4; lastKnownFileType = text.xcconfig; path = "Bundle-Release.xcconfig"; sourceTree = "<group>"; };
		85010BC31572BCE3004E0579 /* Bundle.xcconfig */ = {isa = PBXFileReference; fileEncoding = 4; lastKnownFileType = text.xcconfig; path = Bundle.xcconfig; sourceTree = "<group>"; };
		85010BC41572BCE3004E0579 /* Project-Debug.xcconfig */ = {isa = PBXFileReference; fileEncoding = 4; lastKnownFileType = text.xcconfig; path = "Project-Debug.xcconfig"; sourceTree = "<group>"; };
		85010BC51572BCE3004E0579 /* Project-Release.xcconfig */ = {isa = PBXFileReference; fileEncoding = 4; lastKnownFileType = text.xcconfig; path = "Project-Release.xcconfig"; sourceTree = "<group>"; };
		85010BC61572BCE3004E0579 /* Project.xcconfig */ = {isa = PBXFileReference; fileEncoding = 4; lastKnownFileType = text.xcconfig; path = Project.xcconfig; sourceTree = "<group>"; };
		85010BC81572BCE3004E0579 /* en */ = {isa = PBXFileReference; lastKnownFileType = text.plist.strings; name = en; path = en.lproj/InfoPlist.strings; sourceTree = "<group>"; };
		85010BCB1572BCE3004E0579 /* CodaPlugInsController.h */ = {isa = PBXFileReference; fileEncoding = 4; lastKnownFileType = sourcecode.c.h; path = CodaPlugInsController.h; sourceTree = "<group>"; };
		85010BCC1572BCE3004E0579 /* WikiPlugin.h */ = {isa = PBXFileReference; fileEncoding = 4; lastKnownFileType = sourcecode.c.h; path = WikiPlugin.h; sourceTree = "<group>"; };
		85010BCD1572BCE3004E0579 /* WikiPlugin.m */ = {isa = PBXFileReference; fileEncoding = 4; lastKnownFileType = sourcecode.c.objc; path = WikiPlugin.m; sourceTree = "<group>"; };
		85010BCE1572BCE3004E0579 /* WikiPreviewWindow.xib */ = {isa = PBXFileReference; fileEncoding = 4; lastKnownFileType = file.xib; path = WikiPreviewWindow.xib; sourceTree = "<group>"; };
		85010BCF1572BCE3004E0579 /* WikiPreviewWindowController.h */ = {isa = PBXFileReference; fileEncoding = 4; lastKnownFileType = sourcecode.c.h; path = WikiPreviewWindowController.h; sourceTree = "<group>"; };
		85010BD01572BCE3004E0579 /* WikiPreviewWindowController.m */ = {isa = PBXFileReference; fileEncoding = 4; lastKnownFileType = sourcecode.c.objc; path = WikiPreviewWindowController.m; sourceTree = "<group>"; };
		85010BDE1572BE4E004E0579 /* Gist-Project-Debug.xcconfig */ = {isa = PBXFileReference; fileEncoding = 4; lastKnownFileType = text.xcconfig; path = "Gist-Project-Debug.xcconfig"; sourceTree = "<group>"; };
		85010BDF1572BE4E004E0579 /* Gist-Project-Release.xcconfig */ = {isa = PBXFileReference; fileEncoding = 4; lastKnownFileType = text.xcconfig; path = "Gist-Project-Release.xcconfig"; sourceTree = "<group>"; };
		85010BE01572BE4E004E0579 /* Gist.xcconfig */ = {isa = PBXFileReference; fileEncoding = 4; lastKnownFileType = text.xcconfig; path = Gist.xcconfig; sourceTree = "<group>"; };
		85E65E7F156DCD79009BFC0F /* Gist.codaplugin */ = {isa = PBXFileReference; explicitFileType = wrapper.cfbundle; includeInIndex = 0; path = Gist.codaplugin; sourceTree = BUILT_PRODUCTS_DIR; };
		85E65E82156DCD79009BFC0F /* Cocoa.framework */ = {isa = PBXFileReference; lastKnownFileType = wrapper.framework; name = Cocoa.framework; path = System/Library/Frameworks/Cocoa.framework; sourceTree = SDKROOT; };
		85E65E85156DCD79009BFC0F /* AppKit.framework */ = {isa = PBXFileReference; lastKnownFileType = wrapper.framework; name = AppKit.framework; path = System/Library/Frameworks/AppKit.framework; sourceTree = SDKROOT; };
		85E65E86156DCD79009BFC0F /* CoreData.framework */ = {isa = PBXFileReference; lastKnownFileType = wrapper.framework; name = CoreData.framework; path = System/Library/Frameworks/CoreData.framework; sourceTree = SDKROOT; };
		85E65E87156DCD79009BFC0F /* Foundation.framework */ = {isa = PBXFileReference; lastKnownFileType = wrapper.framework; name = Foundation.framework; path = System/Library/Frameworks/Foundation.framework; sourceTree = SDKROOT; };
		85E65E8A156DCD79009BFC0F /* Gist-Info.plist */ = {isa = PBXFileReference; lastKnownFileType = text.plist.xml; path = "Gist-Info.plist"; sourceTree = "<group>"; };
		85E65E8E156DCD79009BFC0F /* Gist-Prefix.pch */ = {isa = PBXFileReference; lastKnownFileType = sourcecode.c.h; path = "Gist-Prefix.pch"; sourceTree = "<group>"; };
		85E65E9C156DD1A9009BFC0F /* GistPlugin.h */ = {isa = PBXFileReference; fileEncoding = 4; lastKnownFileType = sourcecode.c.h; path = GistPlugin.h; sourceTree = "<group>"; };
		85E65E9D156DD1A9009BFC0F /* GistPlugin.m */ = {isa = PBXFileReference; fileEncoding = 4; lastKnownFileType = sourcecode.c.objc; path = GistPlugin.m; sourceTree = "<group>"; };
		85E65E9F156DD1C2009BFC0F /* AuthWindowController.h */ = {isa = PBXFileReference; fileEncoding = 4; lastKnownFileType = sourcecode.c.h; path = AuthWindowController.h; sourceTree = "<group>"; };
		85E65EA0156DD1C2009BFC0F /* AuthWindowController.m */ = {isa = PBXFileReference; fileEncoding = 4; lastKnownFileType = sourcecode.c.objc; path = AuthWindowController.m; sourceTree = "<group>"; };
		85E65EA1156DD1C2009BFC0F /* AuthWindowController.xib */ = {isa = PBXFileReference; fileEncoding = 4; lastKnownFileType = file.xib; path = AuthWindowController.xib; sourceTree = "<group>"; };
		85E65EA7156DD593009BFC0F /* WebKit.framework */ = {isa = PBXFileReference; lastKnownFileType = wrapper.framework; name = WebKit.framework; path = System/Library/Frameworks/WebKit.framework; sourceTree = SDKROOT; };
		85E65EAF156DD76D009BFC0F /* GistPlugin-APIKey.h */ = {isa = PBXFileReference; lastKnownFileType = sourcecode.c.h; path = "GistPlugin-APIKey.h"; sourceTree = "<group>"; };
		85E65EB1156DD93D009BFC0F /* GitHubKit.xcodeproj */ = {isa = PBXFileReference; lastKnownFileType = "wrapper.pb-project"; name = GitHubKit.xcodeproj; path = Vendors/GitHubKit/src/GitHubKit.xcodeproj; sourceTree = "<group>"; };
/* End PBXFileReference section */

/* Begin PBXFrameworksBuildPhase section */
		85E65E7C156DCD79009BFC0F /* Frameworks */ = {
			isa = PBXFrameworksBuildPhase;
			buildActionMask = 2147483647;
			files = (
				85E65F09156DDA49009BFC0F /* libGitHubKit-Mac.a in Frameworks */,
				85E65EA8156DD593009BFC0F /* WebKit.framework in Frameworks */,
				85E65E83156DCD79009BFC0F /* Cocoa.framework in Frameworks */,
			);
			runOnlyForDeploymentPostprocessing = 0;
		};
/* End PBXFrameworksBuildPhase section */

/* Begin PBXGroup section */
		85010BBE1572BCE3004E0579 /* Shared */ = {
			isa = PBXGroup;
			children = (
				85010BC01572BCE3004E0579 /* Configurations */,
				85010BC71572BCE3004E0579 /* InfoPlist.strings */,
				85010BCA1572BCE3004E0579 /* Sources */,
			);
			path = Shared;
			sourceTree = "<group>";
		};
		85010BC01572BCE3004E0579 /* Configurations */ = {
			isa = PBXGroup;
			children = (
				85010BC11572BCE3004E0579 /* Bundle-Debug.xcconfig */,
				85010BC21572BCE3004E0579 /* Bundle-Release.xcconfig */,
				85010BC31572BCE3004E0579 /* Bundle.xcconfig */,
				85010BC41572BCE3004E0579 /* Project-Debug.xcconfig */,
				85010BC51572BCE3004E0579 /* Project-Release.xcconfig */,
				85010BC61572BCE3004E0579 /* Project.xcconfig */,
			);
			path = Configurations;
			sourceTree = "<group>";
		};
		85010BCA1572BCE3004E0579 /* Sources */ = {
			isa = PBXGroup;
			children = (
				85010BCB1572BCE3004E0579 /* CodaPlugInsController.h */,
				85010BCC1572BCE3004E0579 /* WikiPlugin.h */,
				85010BCD1572BCE3004E0579 /* WikiPlugin.m */,
				85010BCE1572BCE3004E0579 /* WikiPreviewWindow.xib */,
				85010BCF1572BCE3004E0579 /* WikiPreviewWindowController.h */,
				85010BD01572BCE3004E0579 /* WikiPreviewWindowController.m */,
			);
			path = Sources;
			sourceTree = "<group>";
		};
		85010BDD1572BE4E004E0579 /* Configurations */ = {
			isa = PBXGroup;
			children = (
				85010BDE1572BE4E004E0579 /* Gist-Project-Debug.xcconfig */,
				85010BDF1572BE4E004E0579 /* Gist-Project-Release.xcconfig */,
				85010BE01572BE4E004E0579 /* Gist.xcconfig */,
			);
			path = Configurations;
			sourceTree = SOURCE_ROOT;
		};
		85E65E74156DCD79009BFC0F = {
			isa = PBXGroup;
			children = (
				85010BBE1572BCE3004E0579 /* Shared */,
				85E65E88156DCD79009BFC0F /* Gist */,
				85E65E81156DCD79009BFC0F /* Frameworks */,
				85E65E80156DCD79009BFC0F /* Products */,
			);
			indentWidth = 2;
			sourceTree = "<group>";
			tabWidth = 2;
		};
		85E65E80156DCD79009BFC0F /* Products */ = {
			isa = PBXGroup;
			children = (
				85E65E7F156DCD79009BFC0F /* Gist.codaplugin */,
			);
			name = Products;
			sourceTree = "<group>";
		};
		85E65E81156DCD79009BFC0F /* Frameworks */ = {
			isa = PBXGroup;
			children = (
				85E65EB1156DD93D009BFC0F /* GitHubKit.xcodeproj */,
				85E65EA7156DD593009BFC0F /* WebKit.framework */,
				85E65E82156DCD79009BFC0F /* Cocoa.framework */,
				85E65E84156DCD79009BFC0F /* Other Frameworks */,
			);
			name = Frameworks;
			sourceTree = "<group>";
		};
		85E65E84156DCD79009BFC0F /* Other Frameworks */ = {
			isa = PBXGroup;
			children = (
				85E65E85156DCD79009BFC0F /* AppKit.framework */,
				85E65E86156DCD79009BFC0F /* CoreData.framework */,
				85E65E87156DCD79009BFC0F /* Foundation.framework */,
			);
			name = "Other Frameworks";
			sourceTree = "<group>";
		};
		85E65E88156DCD79009BFC0F /* Gist */ = {
			isa = PBXGroup;
			children = (
				85010BDD1572BE4E004E0579 /* Configurations */,
				85E65EAF156DD76D009BFC0F /* GistPlugin-APIKey.h */,
				85E65E89156DCD79009BFC0F /* Supporting Files */,
				85E65E9C156DD1A9009BFC0F /* GistPlugin.h */,
				85E65E9D156DD1A9009BFC0F /* GistPlugin.m */,
				85E65E9F156DD1C2009BFC0F /* AuthWindowController.h */,
				85E65EA0156DD1C2009BFC0F /* AuthWindowController.m */,
				85E65EA1156DD1C2009BFC0F /* AuthWindowController.xib */,
			);
			path = Gist;
			sourceTree = "<group>";
		};
		85E65E89156DCD79009BFC0F /* Supporting Files */ = {
			isa = PBXGroup;
			children = (
				85E65E8A156DCD79009BFC0F /* Gist-Info.plist */,
				85E65E8E156DCD79009BFC0F /* Gist-Prefix.pch */,
			);
			name = "Supporting Files";
			sourceTree = "<group>";
		};
		85E65EB2156DD93D009BFC0F /* Products */ = {
			isa = PBXGroup;
			children = (
				85E65EBB156DD93D009BFC0F /* libGitHubKit-iOS.a */,
				85E65EBD156DD93D009BFC0F /* GitHubKit-iOS-Tests.octest */,
				85E65F04156DDA3F009BFC0F /* libGitHubKit-Mac.a */,
				85E65F06156DDA3F009BFC0F /* GitHubKit-Mac-Tests.octest */,
			);
			name = Products;
			sourceTree = "<group>";
		};
/* End PBXGroup section */

/* Begin PBXNativeTarget section */
		85E65E7E156DCD79009BFC0F /* Gist */ = {
			isa = PBXNativeTarget;
			buildConfigurationList = 85E65E91156DCD79009BFC0F /* Build configuration list for PBXNativeTarget "Gist" */;
			buildPhases = (
				85E65E7B156DCD79009BFC0F /* Sources */,
				85E65E7C156DCD79009BFC0F /* Frameworks */,
				85E65E7D156DCD79009BFC0F /* Resources */,
				85E65F3F156E0183009BFC0F /* ShellScript */,
			);
			buildRules = (
			);
			dependencies = (
				85E65F08156DDA42009BFC0F /* PBXTargetDependency */,
			);
			name = Gist;
			productName = Gist;
			productReference = 85E65E7F156DCD79009BFC0F /* Gist.codaplugin */;
			productType = "com.apple.product-type.bundle";
		};
/* End PBXNativeTarget section */

/* Begin PBXProject section */
		85E65E76156DCD79009BFC0F /* Project object */ = {
			isa = PBXProject;
			attributes = {
				LastUpgradeCheck = 0430;
				ORGANIZATIONNAME = "LittleApps Inc.";
			};
			buildConfigurationList = 85E65E79156DCD79009BFC0F /* Build configuration list for PBXProject "Gist" */;
			compatibilityVersion = "Xcode 3.2";
			developmentRegion = English;
			hasScannedForEncodings = 0;
			knownRegions = (
				en,
			);
			mainGroup = 85E65E74156DCD79009BFC0F;
			productRefGroup = 85E65E80156DCD79009BFC0F /* Products */;
			projectDirPath = "";
			projectReferences = (
				{
					ProductGroup = 85E65EB2156DD93D009BFC0F /* Products */;
					ProjectRef = 85E65EB1156DD93D009BFC0F /* GitHubKit.xcodeproj */;
				},
			);
			projectRoot = "";
			targets = (
				85E65E7E156DCD79009BFC0F /* Gist */,
			);
		};
/* End PBXProject section */

/* Begin PBXReferenceProxy section */
		85E65EBB156DD93D009BFC0F /* libGitHubKit-iOS.a */ = {
			isa = PBXReferenceProxy;
			fileType = archive.ar;
			path = "libGitHubKit-iOS.a";
			remoteRef = 85E65EBA156DD93D009BFC0F /* PBXContainerItemProxy */;
			sourceTree = BUILT_PRODUCTS_DIR;
		};
		85E65EBD156DD93D009BFC0F /* GitHubKit-iOS-Tests.octest */ = {
			isa = PBXReferenceProxy;
			fileType = wrapper.cfbundle;
			path = "GitHubKit-iOS-Tests.octest";
			remoteRef = 85E65EBC156DD93D009BFC0F /* PBXContainerItemProxy */;
			sourceTree = BUILT_PRODUCTS_DIR;
		};
		85E65F04156DDA3F009BFC0F /* libGitHubKit-Mac.a */ = {
			isa = PBXReferenceProxy;
			fileType = archive.ar;
			path = "libGitHubKit-Mac.a";
			remoteRef = 85E65F03156DDA3F009BFC0F /* PBXContainerItemProxy */;
			sourceTree = BUILT_PRODUCTS_DIR;
		};
		85E65F06156DDA3F009BFC0F /* GitHubKit-Mac-Tests.octest */ = {
			isa = PBXReferenceProxy;
			fileType = wrapper.cfbundle;
			path = "GitHubKit-Mac-Tests.octest";
			remoteRef = 85E65F05156DDA3F009BFC0F /* PBXContainerItemProxy */;
			sourceTree = BUILT_PRODUCTS_DIR;
		};
/* End PBXReferenceProxy section */

/* Begin PBXResourcesBuildPhase section */
		85E65E7D156DCD79009BFC0F /* Resources */ = {
			isa = PBXResourcesBuildPhase;
			buildActionMask = 2147483647;
			files = (
				85E65EA3156DD1C2009BFC0F /* AuthWindowController.xib in Resources */,
				85010BD81572BCE3004E0579 /* InfoPlist.strings in Resources */,
				85010BDB1572BCE3004E0579 /* WikiPreviewWindow.xib in Resources */,
			);
			runOnlyForDeploymentPostprocessing = 0;
		};
/* End PBXResourcesBuildPhase section */

/* Begin PBXShellScriptBuildPhase section */
		85E65F3F156E0183009BFC0F /* ShellScript */ = {
			isa = PBXShellScriptBuildPhase;
			buildActionMask = 2147483647;
			files = (
			);
			inputPaths = (
			);
			outputPaths = (
			);
			runOnlyForDeploymentPostprocessing = 0;
			shellPath = /bin/sh;
			shellScript = "if [ $INSTALL_BUNDLE == 1 ]; then\n  DEST=\"$USER_LIBRARY_DIR/Application Support/Coda 2/Plug-ins/$FULL_PRODUCT_NAME\"\n  ORG=\"$TARGET_BUILD_DIR/$FULL_PRODUCT_NAME\"\n  rm -rf \"$DEST\"\n  mv \"$ORG\" \"$DEST\"\nfi\n";
		};
/* End PBXShellScriptBuildPhase section */

/* Begin PBXSourcesBuildPhase section */
		85E65E7B156DCD79009BFC0F /* Sources */ = {
			isa = PBXSourcesBuildPhase;
			buildActionMask = 2147483647;
			files = (
				85E65E9E156DD1A9009BFC0F /* GistPlugin.m in Sources */,
				85E65EA2156DD1C2009BFC0F /* AuthWindowController.m in Sources */,
				85010BDA1572BCE3004E0579 /* WikiPlugin.m in Sources */,
				85010BDC1572BCE3004E0579 /* WikiPreviewWindowController.m in Sources */,
			);
			runOnlyForDeploymentPostprocessing = 0;
		};
/* End PBXSourcesBuildPhase section */

/* Begin PBXTargetDependency section */
		85E65F08156DDA42009BFC0F /* PBXTargetDependency */ = {
			isa = PBXTargetDependency;
			name = "GitHubKit-Mac";
			targetProxy = 85E65F07156DDA42009BFC0F /* PBXContainerItemProxy */;
		};
/* End PBXTargetDependency section */

/* Begin PBXVariantGroup section */
		85010BC71572BCE3004E0579 /* InfoPlist.strings */ = {
			isa = PBXVariantGroup;
			children = (
				85010BC81572BCE3004E0579 /* en */,
			);
			name = InfoPlist.strings;
			sourceTree = "<group>";
		};
/* End PBXVariantGroup section */

/* Begin XCBuildConfiguration section */
		85E65E8F156DCD79009BFC0F /* Debug */ = {
			isa = XCBuildConfiguration;
			baseConfigurationReference = 85010BDE1572BE4E004E0579 /* Gist-Project-Debug.xcconfig */;
			buildSettings = {
			};
			name = Debug;
		};
		85E65E90156DCD79009BFC0F /* Release */ = {
			isa = XCBuildConfiguration;
			baseConfigurationReference = 85010BDF1572BE4E004E0579 /* Gist-Project-Release.xcconfig */;
			buildSettings = {
			};
			name = Release;
		};
		85E65E92156DCD79009BFC0F /* Debug */ = {
			isa = XCBuildConfiguration;
			baseConfigurationReference = 85010BC21572BCE3004E0579 /* Bundle-Release.xcconfig */;
			buildSettings = {
			};
			name = Debug;
		};
		85E65E93156DCD79009BFC0F /* Release */ = {
			isa = XCBuildConfiguration;
			baseConfigurationReference = 85010BC21572BCE3004E0579 /* Bundle-Release.xcconfig */;
			buildSettings = {
			};
			name = Release;
		};
/* End XCBuildConfiguration section */

/* Begin XCConfigurationList section */
		85E65E79156DCD79009BFC0F /* Build configuration list for PBXProject "Gist" */ = {
			isa = XCConfigurationList;
			buildConfigurations = (
				85E65E8F156DCD79009BFC0F /* Debug */,
				85E65E90156DCD79009BFC0F /* Release */,
			);
			defaultConfigurationIsVisible = 0;
			defaultConfigurationName = Release;
		};
		85E65E91156DCD79009BFC0F /* Build configuration list for PBXNativeTarget "Gist" */ = {
			isa = XCConfigurationList;
			buildConfigurations = (
				85E65E92156DCD79009BFC0F /* Debug */,
				85E65E93156DCD79009BFC0F /* Release */,
			);
			defaultConfigurationIsVisible = 0;
			defaultConfigurationName = Release;
		};
/* End XCConfigurationList section */
	};
	rootObject = 85E65E76156DCD79009BFC0F /* Project object */;
}
